
Microsoft Visual Studio Solution File, Format Version 12.00
# Visual Studio Version 16
VisualStudioVersion = 16.0.30114.105
MinimumVisualStudioVersion = 10.0.40219.1
Project("{FAE04EC0-301F-11D3-BF4B-00C04F79EFBC}") = "CReport", "CReport.csproj", "{D0721FAA-8D48-4912-B84A-CDB3549959E2}"
EndProject
Global
	GlobalSection(SolutionConfigurationPlatforms) = preSolution
		Debug|Any CPU = Debug|Any CPU
		Release|Any CPU = Release|Any CPU
	EndGlobalSection
	GlobalSection(ProjectConfigurationPlatforms) = postSolution
		{D0721FAA-8D48-4912-B84A-CDB3549959E2}.Debug|Any CPU.ActiveCfg = Debug|Any CPU
		{D0721FAA-8D48-4912-B84A-CDB3549959E2}.Debug|Any CPU.Build.0 = Debug|Any CPU
		{D0721FAA-8D48-4912-B84A-CDB3549959E2}.Release|Any CPU.ActiveCfg = Release|Any CPU
		{D0721FAA-8D48-4912-B84A-CDB3549959E2}.Release|Any CPU.Build.0 = Release|Any CPU
	EndGlobalSection
	GlobalSection(SolutionProperties) = preSolution
		HideSolutionNode = FALSE
	EndGlobalSection
	GlobalSection(ExtensibilityGlobals) = postSolution
		SolutionGuid = {793BD9F7-903D-436E-B006-E303B737F4F1}
	EndGlobalSection
EndGlobal
